
Microsoft Visual Studio Solution File, Format Version 12.00
# Visual Studio 15
Project("{FAE04EC0-301F-11D3-BF4B-00C04F79EFBC}") = "FPS CachuflitoGamesInc", "FPS CachuflitoGamesInc.csproj", "{178FAAA3-3AFC-3E26-6E28-BCED9E3983F6}"
EndProject
Project("{FAE04EC0-301F-11D3-BF4B-00C04F79EFBC}") = "FPS CachuflitoGamesInc.Plugins", "FPS CachuflitoGamesInc.Plugins.csproj", "{C9EC569C-0D36-E187-E5F8-460DED896A9A}"
EndProject
Project("{FAE04EC0-301F-11D3-BF4B-00C04F79EFBC}") = "FPS CachuflitoGamesInc.Editor.Plugins", "FPS CachuflitoGamesInc.Editor.Plugins.csproj", "{6A42C377-D214-DFE9-7154-A0593C5C46A0}"
EndProject
Global
	GlobalSection(SolutionConfigurationPlatforms) = preSolution
		Debug|Any CPU = Debug|Any CPU
		Release|Any CPU = Release|Any CPU
	EndGlobalSection
	GlobalSection(ProjectConfigurationPlatforms) = postSolution
		{178FAAA3-3AFC-3E26-6E28-BCED9E3983F6}.Debug|Any CPU.ActiveCfg = Debug|Any CPU
		{178FAAA3-3AFC-3E26-6E28-BCED9E3983F6}.Debug|Any CPU.Build.0 = Debug|Any CPU
		{178FAAA3-3AFC-3E26-6E28-BCED9E3983F6}.Release|Any CPU.ActiveCfg = Release|Any CPU
		{178FAAA3-3AFC-3E26-6E28-BCED9E3983F6}.Release|Any CPU.Build.0 = Release|Any CPU
		{C9EC569C-0D36-E187-E5F8-460DED896A9A}.Debug|Any CPU.ActiveCfg = Debug|Any CPU
		{C9EC569C-0D36-E187-E5F8-460DED896A9A}.Debug|Any CPU.Build.0 = Debug|Any CPU
		{C9EC569C-0D36-E187-E5F8-460DED896A9A}.Release|Any CPU.ActiveCfg = Release|Any CPU
		{C9EC569C-0D36-E187-E5F8-460DED896A9A}.Release|Any CPU.Build.0 = Release|Any CPU
		{6A42C377-D214-DFE9-7154-A0593C5C46A0}.Debug|Any CPU.ActiveCfg = Debug|Any CPU
		{6A42C377-D214-DFE9-7154-A0593C5C46A0}.Debug|Any CPU.Build.0 = Debug|Any CPU
		{6A42C377-D214-DFE9-7154-A0593C5C46A0}.Release|Any CPU.ActiveCfg = Release|Any CPU
		{6A42C377-D214-DFE9-7154-A0593C5C46A0}.Release|Any CPU.Build.0 = Release|Any CPU
	EndGlobalSection
	GlobalSection(SolutionProperties) = preSolution
		HideSolutionNode = FALSE
	EndGlobalSection
EndGlobal
